
Microsoft Visual Studio Solution File, Format Version 12.00
# Visual Studio 15
VisualStudioVersion = 15.0.27004.2006
MinimumVisualStudioVersion = 10.0.40219.1
Project("{D954291E-2A0B-460D-934E-DC6B0785DB48}") = "Microsoft.AspNet.OData.Shared", "..\src\Microsoft.AspNet.OData.Shared\Microsoft.AspNet.OData.Shared.shproj", "{B6B951B6-C3F0-4B8E-8955-E039145E7DEC}"
EndProject
Project("{9A19103F-16F7-4668-BE54-9A1E7A4F7556}") = "Microsoft.AspNetCore.OData", "..\src\Microsoft.AspNetCore.OData\Microsoft.AspNetCore.OData.csproj", "{ACB7073E-74D2-4B5D-9077-0A802E64E96A}"
EndProject
Project("{9A19103F-16F7-4668-BE54-9A1E7A4F7556}") = "ODataSample.Web", "AspNetCore\ODataSample.Web.csproj", "{C92C2ACD-A5CE-456E-B594-A49EF2DF82A2}"
EndProject
Global
	GlobalSection(SharedMSBuildProjectFiles) = preSolution
		..\src\Microsoft.AspNet.OData.Shared\Microsoft.AspNet.OData.Shared.projitems*{b6b951b6-c3f0-4b8e-8955-e039145e7dec}*SharedItemsImports = 13
	EndGlobalSection
	GlobalSection(SolutionConfigurationPlatforms) = preSolution
		Debug|Any CPU = Debug|Any CPU
		Release|Any CPU = Release|Any CPU
	EndGlobalSection
	GlobalSection(ProjectConfigurationPlatforms) = postSolution
		{ACB7073E-74D2-4B5D-9077-0A802E64E96A}.Debug|Any CPU.ActiveCfg = Debug|Any CPU
		{ACB7073E-74D2-4B5D-9077-0A802E64E96A}.Debug|Any CPU.Build.0 = Debug|Any CPU
		{ACB7073E-74D2-4B5D-9077-0A802E64E96A}.Release|Any CPU.ActiveCfg = Release|Any CPU
		{ACB7073E-74D2-4B5D-9077-0A802E64E96A}.Release|Any CPU.Build.0 = Release|Any CPU
		{C92C2ACD-A5CE-456E-B594-A49EF2DF82A2}.Debug|Any CPU.ActiveCfg = Debug|Any CPU
		{C92C2ACD-A5CE-456E-B594-A49EF2DF82A2}.Debug|Any CPU.Build.0 = Debug|Any CPU
		{C92C2ACD-A5CE-456E-B594-A49EF2DF82A2}.Release|Any CPU.ActiveCfg = Release|Any CPU
		{C92C2ACD-A5CE-456E-B594-A49EF2DF82A2}.Release|Any CPU.Build.0 = Release|Any CPU
	EndGlobalSection
	GlobalSection(SolutionProperties) = preSolution
		HideSolutionNode = FALSE
	EndGlobalSection
	GlobalSection(ExtensibilityGlobals) = postSolution
		SolutionGuid = {C63785B5-EC8F-4DFE-AB95-7C7B90ADE503}
	EndGlobalSection
EndGlobal
